
Microsoft Visual Studio Solution File, Format Version 12.00
# Visual Studio Version 17
VisualStudioVersion = 17.5.002.0
MinimumVisualStudioVersion = 10.0.40219.1
Project("{9A19103F-16F7-4668-BE54-9A1E7A4F7556}") = "myWebapp", "myWebapp.csproj", "{A571FEDE-E4BD-4686-B48C-27671178B920}"
EndProject
Global
	GlobalSection(SolutionConfigurationPlatforms) = preSolution
		Debug|Any CPU = Debug|Any CPU
		Release|Any CPU = Release|Any CPU
	EndGlobalSection
	GlobalSection(ProjectConfigurationPlatforms) = postSolution
		{A571FEDE-E4BD-4686-B48C-27671178B920}.Debug|Any CPU.ActiveCfg = Debug|Any CPU
		{A571FEDE-E4BD-4686-B48C-27671178B920}.Debug|Any CPU.Build.0 = Debug|Any CPU
		{A571FEDE-E4BD-4686-B48C-27671178B920}.Release|Any CPU.ActiveCfg = Release|Any CPU
		{A571FEDE-E4BD-4686-B48C-27671178B920}.Release|Any CPU.Build.0 = Release|Any CPU
	EndGlobalSection
	GlobalSection(SolutionProperties) = preSolution
		HideSolutionNode = FALSE
	EndGlobalSection
	GlobalSection(ExtensibilityGlobals) = postSolution
		SolutionGuid = {895DDF7D-2EB8-45C8-B7C8-CEA08ADAB136}
	EndGlobalSection
EndGlobal
